
Microsoft Visual Studio Solution File, Format Version 12.00
# Visual Studio Version 17
VisualStudioVersion = 17.6.33723.286
MinimumVisualStudioVersion = 10.0.40219.1
Project("{FAE04EC0-301F-11D3-BF4B-00C04F79EFBC}") = "Auto-default-structs", "Auto-default-structs.csproj", "{779BC648-32DD-4686-BFBC-F971A9C931EB}"
EndProject
Global
	GlobalSection(SolutionConfigurationPlatforms) = preSolution
		Debug|Any CPU = Debug|Any CPU
		Release|Any CPU = Release|Any CPU
	EndGlobalSection
	GlobalSection(ProjectConfigurationPlatforms) = postSolution
		{779BC648-32DD-4686-BFBC-F971A9C931EB}.Debug|Any CPU.ActiveCfg = Debug|Any CPU
		{779BC648-32DD-4686-BFBC-F971A9C931EB}.Debug|Any CPU.Build.0 = Debug|Any CPU
		{779BC648-32DD-4686-BFBC-F971A9C931EB}.Release|Any CPU.ActiveCfg = Release|Any CPU
		{779BC648-32DD-4686-BFBC-F971A9C931EB}.Release|Any CPU.Build.0 = Release|Any CPU
	EndGlobalSection
	GlobalSection(SolutionProperties) = preSolution
		HideSolutionNode = FALSE
	EndGlobalSection
	GlobalSection(ExtensibilityGlobals) = postSolution
		SolutionGuid = {35FDFC2C-457C-461C-993E-A1E582353F7B}
	EndGlobalSection
EndGlobal
